
Microsoft Visual Studio Solution File, Format Version 12.00
# Visual Studio Version 17
VisualStudioVersion = 17.4.33205.214
MinimumVisualStudioVersion = 10.0.40219.1
Project("{9A19103F-16F7-4668-BE54-9A1E7A4F7556}") = "DoctorWebApi", "DoctorWebApi\DoctorWebApi.csproj", "{A37A1A8D-50FD-45A9-9526-9856386FEBF4}"
	ProjectSection(ProjectDependencies) = postProject
		{AEC898A3-C9C5-40AD-A3B0-32EC0B1D103F} = {AEC898A3-C9C5-40AD-A3B0-32EC0B1D103F}
	EndProjectSection
EndProject
Project("{9A19103F-16F7-4668-BE54-9A1E7A4F7556}") = "Doctor.DataAcsess", "Doctor.DAL\Doctor.DataAcsess.csproj", "{34E104C3-8F77-46B2-B81B-4246495E3D70}"
EndProject
Project("{FAE04EC0-301F-11D3-BF4B-00C04F79EFBC}") = "Doctor.BLL", "Doctor.BLL\Doctor.BLL.csproj", "{AEC898A3-C9C5-40AD-A3B0-32EC0B1D103F}"
	ProjectSection(ProjectDependencies) = postProject
		{34E104C3-8F77-46B2-B81B-4246495E3D70} = {34E104C3-8F77-46B2-B81B-4246495E3D70}
	EndProjectSection
EndProject
Global
	GlobalSection(SolutionConfigurationPlatforms) = preSolution
		Debug|Any CPU = Debug|Any CPU
		Release|Any CPU = Release|Any CPU
	EndGlobalSection
	GlobalSection(ProjectConfigurationPlatforms) = postSolution
		{A37A1A8D-50FD-45A9-9526-9856386FEBF4}.Debug|Any CPU.ActiveCfg = Debug|Any CPU
		{A37A1A8D-50FD-45A9-9526-9856386FEBF4}.Debug|Any CPU.Build.0 = Debug|Any CPU
		{A37A1A8D-50FD-45A9-9526-9856386FEBF4}.Release|Any CPU.ActiveCfg = Release|Any CPU
		{A37A1A8D-50FD-45A9-9526-9856386FEBF4}.Release|Any CPU.Build.0 = Release|Any CPU
		{34E104C3-8F77-46B2-B81B-4246495E3D70}.Debug|Any CPU.ActiveCfg = Debug|Any CPU
		{34E104C3-8F77-46B2-B81B-4246495E3D70}.Debug|Any CPU.Build.0 = Debug|Any CPU
		{34E104C3-8F77-46B2-B81B-4246495E3D70}.Release|Any CPU.ActiveCfg = Release|Any CPU
		{34E104C3-8F77-46B2-B81B-4246495E3D70}.Release|Any CPU.Build.0 = Release|Any CPU
		{AEC898A3-C9C5-40AD-A3B0-32EC0B1D103F}.Debug|Any CPU.ActiveCfg = Debug|Any CPU
		{AEC898A3-C9C5-40AD-A3B0-32EC0B1D103F}.Debug|Any CPU.Build.0 = Debug|Any CPU
		{AEC898A3-C9C5-40AD-A3B0-32EC0B1D103F}.Release|Any CPU.ActiveCfg = Release|Any CPU
		{AEC898A3-C9C5-40AD-A3B0-32EC0B1D103F}.Release|Any CPU.Build.0 = Release|Any CPU
	EndGlobalSection
	GlobalSection(SolutionProperties) = preSolution
		HideSolutionNode = FALSE
	EndGlobalSection
	GlobalSection(ExtensibilityGlobals) = postSolution
		SolutionGuid = {C3F7B33F-3949-4825-B228-03AFE9E63890}
	EndGlobalSection
EndGlobal
